// !$*UTF8*$!
{
	archiveVersion = 1;
	classes = {
	};
	objectVersion = 56;
	objects = {

/* Begin PBXBuildFile section */
		910B9FD52C14EA2100A10CFA /* ButtonStyles.swift in Sources */ = {isa = PBXBuildFile; fileRef = 910B9FD42C14EA2100A10CFA /* ButtonStyles.swift */; };
		910B9FD72C14EA2800A10CFA /* FirstView.swift in Sources */ = {isa = PBXBuildFile; fileRef = 910B9FD62C14EA2800A10CFA /* FirstView.swift */; };
		910B9FD92C14EA2D00A10CFA /* Color+Extensions.swift in Sources */ = {isa = PBXBuildFile; fileRef = 910B9FD82C14EA2D00A10CFA /* Color+Extensions.swift */; };
		910B9FDB2C14EA3300A10CFA /* Font+Extensions.swift in Sources */ = {isa = PBXBuildFile; fileRef = 910B9FDA2C14EA3300A10CFA /* Font+Extensions.swift */; };
		910B9FDD2C14EA3C00A10CFA /* GeometryProxy+Extensions.swift in Sources */ = {isa = PBXBuildFile; fileRef = 910B9FDC2C14EA3C00A10CFA /* GeometryProxy+Extensions.swift */; };
		9125957C2C1CDD110053D7FC /* Contact.swift in Sources */ = {isa = PBXBuildFile; fileRef = 9125957B2C1CDD110053D7FC /* Contact.swift */; };
		912595802C1CDD650053D7FC /* Router.swift in Sources */ = {isa = PBXBuildFile; fileRef = 9125957F2C1CDD650053D7FC /* Router.swift */; };
		912595832C1CDDA50053D7FC /* ContactsView.swift in Sources */ = {isa = PBXBuildFile; fileRef = 912595822C1CDDA50053D7FC /* ContactsView.swift */; };
		912595852C1CDDBB0053D7FC /* ContactsListView.swift in Sources */ = {isa = PBXBuildFile; fileRef = 912595842C1CDDBB0053D7FC /* ContactsListView.swift */; };
		912595872C1CDDC50053D7FC /* ContactsRowView.swift in Sources */ = {isa = PBXBuildFile; fileRef = 912595862C1CDDC50053D7FC /* ContactsRowView.swift */; };
		912595892C1CDDCF0053D7FC /* ContactDetailView.swift in Sources */ = {isa = PBXBuildFile; fileRef = 912595882C1CDDCF0053D7FC /* ContactDetailView.swift */; };
		9125958F2C1D743E0053D7FC /* View+Extensions.swift in Sources */ = {isa = PBXBuildFile; fileRef = 9125958E2C1D743E0053D7FC /* View+Extensions.swift */; };
		912595922C1D7E010053D7FC /* TabBarView.swift in Sources */ = {isa = PBXBuildFile; fileRef = 912595912C1D7E010053D7FC /* TabBarView.swift */; };
		912595942C1D7E220053D7FC /* SearchBarView.swift in Sources */ = {isa = PBXBuildFile; fileRef = 912595932C1D7E220053D7FC /* SearchBarView.swift */; };
		912595972C1D7EBD0053D7FC /* Constants.swift in Sources */ = {isa = PBXBuildFile; fileRef = 912595962C1D7EBD0053D7FC /* Constants.swift */; };
		912595992C1D7F0A0053D7FC /* CustomNavigationBar.swift in Sources */ = {isa = PBXBuildFile; fileRef = 912595982C1D7F0A0053D7FC /* CustomNavigationBar.swift */; };
		9125959B2C1D7F710053D7FC /* String+Extensions.swift in Sources */ = {isa = PBXBuildFile; fileRef = 9125959A2C1D7F710053D7FC /* String+Extensions.swift */; };
		9125959D2C1D7F9B0053D7FC /* UIApplication+Extensions.swift in Sources */ = {isa = PBXBuildFile; fileRef = 9125959C2C1D7F9B0053D7FC /* UIApplication+Extensions.swift */; };
		9125959F2C1D884D0053D7FC /* Date+Extensions.swift in Sources */ = {isa = PBXBuildFile; fileRef = 9125959E2C1D884D0053D7FC /* Date+Extensions.swift */; };
		912595A22C1D91B40053D7FC /* ViewModifiers.swift in Sources */ = {isa = PBXBuildFile; fileRef = 912595A12C1D91B40053D7FC /* ViewModifiers.swift */; };
		912595A42C1D97C80053D7FC /* ContactAvatarView.swift in Sources */ = {isa = PBXBuildFile; fileRef = 912595A32C1D97C80053D7FC /* ContactAvatarView.swift */; };
		912595A72C1DAB260053D7FC /* SocialLinksView.swift in Sources */ = {isa = PBXBuildFile; fileRef = 912595A62C1DAB260053D7FC /* SocialLinksView.swift */; };
		912D55272C0FAFBA004DA582 /* WBAppApp.swift in Sources */ = {isa = PBXBuildFile; fileRef = 912D55262C0FAFBA004DA582 /* WBAppApp.swift */; };
		912D55292C0FAFBA004DA582 /* ContentView.swift in Sources */ = {isa = PBXBuildFile; fileRef = 912D55282C0FAFBA004DA582 /* ContentView.swift */; };
		912D552B2C0FAFBC004DA582 /* Assets.xcassets in Resources */ = {isa = PBXBuildFile; fileRef = 912D552A2C0FAFBC004DA582 /* Assets.xcassets */; };
		912D552E2C0FAFBC004DA582 /* Preview Assets.xcassets in Resources */ = {isa = PBXBuildFile; fileRef = 912D552D2C0FAFBC004DA582 /* Preview Assets.xcassets */; };
		9157F14E2C20756900CF0EC2 /* WidgetKit.framework in Frameworks */ = {isa = PBXBuildFile; fileRef = 9157F14D2C20756900CF0EC2 /* WidgetKit.framework */; };
		9157F1502C20756900CF0EC2 /* SwiftUI.framework in Frameworks */ = {isa = PBXBuildFile; fileRef = 9157F14F2C20756900CF0EC2 /* SwiftUI.framework */; };
		9157F1532C20756900CF0EC2 /* WBApp_WidgetBundle.swift in Sources */ = {isa = PBXBuildFile; fileRef = 9157F1522C20756900CF0EC2 /* WBApp_WidgetBundle.swift */; };
		9157F1572C20756900CF0EC2 /* WBApp_Widget.swift in Sources */ = {isa = PBXBuildFile; fileRef = 9157F1562C20756900CF0EC2 /* WBApp_Widget.swift */; };
		9157F1592C20756900CF0EC2 /* WidgetIntent.swift in Sources */ = {isa = PBXBuildFile; fileRef = 9157F1582C20756900CF0EC2 /* WidgetIntent.swift */; };
		9157F15B2C20756A00CF0EC2 /* Assets.xcassets in Resources */ = {isa = PBXBuildFile; fileRef = 9157F15A2C20756A00CF0EC2 /* Assets.xcassets */; };
		9157F15F2C20756A00CF0EC2 /* WBApp_WidgetExtension.appex in Embed Foundation Extensions */ = {isa = PBXBuildFile; fileRef = 9157F14B2C20756900CF0EC2 /* WBApp_WidgetExtension.appex */; settings = {ATTRIBUTES = (RemoveHeadersOnCopy, ); }; };
		9157F1682C20766100CF0EC2 /* SharedData.swift in Sources */ = {isa = PBXBuildFile; fileRef = 9157F1672C20766100CF0EC2 /* SharedData.swift */; };
		9157F1692C20767D00CF0EC2 /* SharedData.swift in Sources */ = {isa = PBXBuildFile; fileRef = 9157F1672C20766100CF0EC2 /* SharedData.swift */; };
		9157F16B2C20772D00CF0EC2 /* Contact.swift in Sources */ = {isa = PBXBuildFile; fileRef = 9125957B2C1CDD110053D7FC /* Contact.swift */; };
		9157F16C2C20778500CF0EC2 /* Date+Extensions.swift in Sources */ = {isa = PBXBuildFile; fileRef = 9125959E2C1D884D0053D7FC /* Date+Extensions.swift */; };
		9157F16D2C20778E00CF0EC2 /* Constants.swift in Sources */ = {isa = PBXBuildFile; fileRef = 912595962C1D7EBD0053D7FC /* Constants.swift */; };
		9157F16E2C20858200CF0EC2 /* Color+Extensions.swift in Sources */ = {isa = PBXBuildFile; fileRef = 910B9FD82C14EA2D00A10CFA /* Color+Extensions.swift */; };
		9157F16F2C2085B500CF0EC2 /* Assets.xcassets in Resources */ = {isa = PBXBuildFile; fileRef = 912D552A2C0FAFBC004DA582 /* Assets.xcassets */; };
		9157F1722C20864000CF0EC2 /* WBApp_WidgetSmallView.swift in Sources */ = {isa = PBXBuildFile; fileRef = 9157F1702C20861F00CF0EC2 /* WBApp_WidgetSmallView.swift */; };
		9157F1732C2086A100CF0EC2 /* Font+Extensions.swift in Sources */ = {isa = PBXBuildFile; fileRef = 910B9FDA2C14EA3300A10CFA /* Font+Extensions.swift */; };
		9157F17B2C20987800CF0EC2 /* WBApp_WidgetMediumView.swift in Sources */ = {isa = PBXBuildFile; fileRef = 9157F1792C20986600CF0EC2 /* WBApp_WidgetMediumView.swift */; };
		9157F17C2C209EFD00CF0EC2 /* String+Extensions.swift in Sources */ = {isa = PBXBuildFile; fileRef = 9125959A2C1D7F710053D7FC /* String+Extensions.swift */; };
		9157F1882C25709A00CF0EC2 /* ChatsIntent.swift in Sources */ = {isa = PBXBuildFile; fileRef = 9157F1872C25709A00CF0EC2 /* ChatsIntent.swift */; };
		9157F18A2C257CE900CF0EC2 /* Intents.intentdefinition in Sources */ = {isa = PBXBuildFile; fileRef = 9157F1892C257CE900CF0EC2 /* Intents.intentdefinition */; };
		9618BD932C3967E6002A01C5 /* CGSize+Extensions.swift in Sources */ = {isa = PBXBuildFile; fileRef = 9618BD922C3967E6002A01C5 /* CGSize+Extensions.swift */; };
		96A9F86A2C3968CD004D3E8F /* DateProvider.swift in Sources */ = {isa = PBXBuildFile; fileRef = 96A9F8692C3968CD004D3E8F /* DateProvider.swift */; };
		96A9F86C2C3968DF004D3E8F /* DatesScreen.swift in Sources */ = {isa = PBXBuildFile; fileRef = 96A9F86B2C3968DE004D3E8F /* DatesScreen.swift */; };
		96A9F86E2C3968EC004D3E8F /* StringInterpolation+Extensions.swift in Sources */ = {isa = PBXBuildFile; fileRef = 96A9F86D2C3968EC004D3E8F /* StringInterpolation+Extensions.swift */; };
		96A9F8722C3969C1004D3E8F /* InfinityScrollView.swift in Sources */ = {isa = PBXBuildFile; fileRef = 96A9F8712C3969C1004D3E8F /* InfinityScrollView.swift */; };
/* End PBXBuildFile section */

/* Begin PBXContainerItemProxy section */
		9157F15D2C20756A00CF0EC2 /* PBXContainerItemProxy */ = {
			isa = PBXContainerItemProxy;
			containerPortal = 912D551B2C0FAFBA004DA582 /* Project object */;
			proxyType = 1;
			remoteGlobalIDString = 9157F14A2C20756900CF0EC2;
			remoteInfo = WBApp_WidgetExtension;
		};
/* End PBXContainerItemProxy section */

/* Begin PBXCopyFilesBuildPhase section */
		9157F1602C20756A00CF0EC2 /* Embed Foundation Extensions */ = {
			isa = PBXCopyFilesBuildPhase;
			buildActionMask = 2147483647;
			dstPath = "";
			dstSubfolderSpec = 13;
			files = (
				9157F15F2C20756A00CF0EC2 /* WBApp_WidgetExtension.appex in Embed Foundation Extensions */,
			);
			name = "Embed Foundation Extensions";
			runOnlyForDeploymentPostprocessing = 0;
		};
/* End PBXCopyFilesBuildPhase section */

/* Begin PBXFileReference section */
		910B9FD42C14EA2100A10CFA /* ButtonStyles.swift */ = {isa = PBXFileReference; lastKnownFileType = sourcecode.swift; path = ButtonStyles.swift; sourceTree = "<group>"; };
		910B9FD62C14EA2800A10CFA /* FirstView.swift */ = {isa = PBXFileReference; lastKnownFileType = sourcecode.swift; path = FirstView.swift; sourceTree = "<group>"; };
		910B9FD82C14EA2D00A10CFA /* Color+Extensions.swift */ = {isa = PBXFileReference; lastKnownFileType = sourcecode.swift; path = "Color+Extensions.swift"; sourceTree = "<group>"; };
		910B9FDA2C14EA3300A10CFA /* Font+Extensions.swift */ = {isa = PBXFileReference; lastKnownFileType = sourcecode.swift; path = "Font+Extensions.swift"; sourceTree = "<group>"; };
		910B9FDC2C14EA3C00A10CFA /* GeometryProxy+Extensions.swift */ = {isa = PBXFileReference; lastKnownFileType = sourcecode.swift; path = "GeometryProxy+Extensions.swift"; sourceTree = "<group>"; };
		9125957B2C1CDD110053D7FC /* Contact.swift */ = {isa = PBXFileReference; lastKnownFileType = sourcecode.swift; path = Contact.swift; sourceTree = "<group>"; };
		9125957F2C1CDD650053D7FC /* Router.swift */ = {isa = PBXFileReference; lastKnownFileType = sourcecode.swift; path = Router.swift; sourceTree = "<group>"; };
		912595822C1CDDA50053D7FC /* ContactsView.swift */ = {isa = PBXFileReference; lastKnownFileType = sourcecode.swift; path = ContactsView.swift; sourceTree = "<group>"; };
		912595842C1CDDBB0053D7FC /* ContactsListView.swift */ = {isa = PBXFileReference; lastKnownFileType = sourcecode.swift; path = ContactsListView.swift; sourceTree = "<group>"; };
		912595862C1CDDC50053D7FC /* ContactsRowView.swift */ = {isa = PBXFileReference; lastKnownFileType = sourcecode.swift; path = ContactsRowView.swift; sourceTree = "<group>"; };
		912595882C1CDDCF0053D7FC /* ContactDetailView.swift */ = {isa = PBXFileReference; lastKnownFileType = sourcecode.swift; path = ContactDetailView.swift; sourceTree = "<group>"; };
		9125958E2C1D743E0053D7FC /* View+Extensions.swift */ = {isa = PBXFileReference; lastKnownFileType = sourcecode.swift; path = "View+Extensions.swift"; sourceTree = "<group>"; };
		912595912C1D7E010053D7FC /* TabBarView.swift */ = {isa = PBXFileReference; lastKnownFileType = sourcecode.swift; path = TabBarView.swift; sourceTree = "<group>"; };
		912595932C1D7E220053D7FC /* SearchBarView.swift */ = {isa = PBXFileReference; lastKnownFileType = sourcecode.swift; path = SearchBarView.swift; sourceTree = "<group>"; };
		912595962C1D7EBD0053D7FC /* Constants.swift */ = {isa = PBXFileReference; lastKnownFileType = sourcecode.swift; path = Constants.swift; sourceTree = "<group>"; };
		912595982C1D7F0A0053D7FC /* CustomNavigationBar.swift */ = {isa = PBXFileReference; lastKnownFileType = sourcecode.swift; path = CustomNavigationBar.swift; sourceTree = "<group>"; };
		9125959A2C1D7F710053D7FC /* String+Extensions.swift */ = {isa = PBXFileReference; lastKnownFileType = sourcecode.swift; path = "String+Extensions.swift"; sourceTree = "<group>"; };
		9125959C2C1D7F9B0053D7FC /* UIApplication+Extensions.swift */ = {isa = PBXFileReference; lastKnownFileType = sourcecode.swift; path = "UIApplication+Extensions.swift"; sourceTree = "<group>"; };
		9125959E2C1D884D0053D7FC /* Date+Extensions.swift */ = {isa = PBXFileReference; lastKnownFileType = sourcecode.swift; path = "Date+Extensions.swift"; sourceTree = "<group>"; };
		912595A12C1D91B40053D7FC /* ViewModifiers.swift */ = {isa = PBXFileReference; lastKnownFileType = sourcecode.swift; path = ViewModifiers.swift; sourceTree = "<group>"; };
		912595A32C1D97C80053D7FC /* ContactAvatarView.swift */ = {isa = PBXFileReference; lastKnownFileType = sourcecode.swift; path = ContactAvatarView.swift; sourceTree = "<group>"; };
		912595A62C1DAB260053D7FC /* SocialLinksView.swift */ = {isa = PBXFileReference; lastKnownFileType = sourcecode.swift; path = SocialLinksView.swift; sourceTree = "<group>"; };
		912D55232C0FAFBA004DA582 /* WBApp.app */ = {isa = PBXFileReference; explicitFileType = wrapper.application; includeInIndex = 0; path = WBApp.app; sourceTree = BUILT_PRODUCTS_DIR; };
		912D55262C0FAFBA004DA582 /* WBAppApp.swift */ = {isa = PBXFileReference; lastKnownFileType = sourcecode.swift; path = WBAppApp.swift; sourceTree = "<group>"; };
		912D55282C0FAFBA004DA582 /* ContentView.swift */ = {isa = PBXFileReference; lastKnownFileType = sourcecode.swift; path = ContentView.swift; sourceTree = "<group>"; };
		912D552A2C0FAFBC004DA582 /* Assets.xcassets */ = {isa = PBXFileReference; lastKnownFileType = folder.assetcatalog; path = Assets.xcassets; sourceTree = "<group>"; };
		912D552D2C0FAFBC004DA582 /* Preview Assets.xcassets */ = {isa = PBXFileReference; lastKnownFileType = folder.assetcatalog; path = "Preview Assets.xcassets"; sourceTree = "<group>"; };
		9157F14B2C20756900CF0EC2 /* WBApp_WidgetExtension.appex */ = {isa = PBXFileReference; explicitFileType = "wrapper.app-extension"; includeInIndex = 0; path = WBApp_WidgetExtension.appex; sourceTree = BUILT_PRODUCTS_DIR; };
		9157F14D2C20756900CF0EC2 /* WidgetKit.framework */ = {isa = PBXFileReference; lastKnownFileType = wrapper.framework; name = WidgetKit.framework; path = System/Library/Frameworks/WidgetKit.framework; sourceTree = SDKROOT; };
		9157F14F2C20756900CF0EC2 /* SwiftUI.framework */ = {isa = PBXFileReference; lastKnownFileType = wrapper.framework; name = SwiftUI.framework; path = System/Library/Frameworks/SwiftUI.framework; sourceTree = SDKROOT; };
		9157F1522C20756900CF0EC2 /* WBApp_WidgetBundle.swift */ = {isa = PBXFileReference; lastKnownFileType = sourcecode.swift; path = WBApp_WidgetBundle.swift; sourceTree = "<group>"; };
		9157F1562C20756900CF0EC2 /* WBApp_Widget.swift */ = {isa = PBXFileReference; lastKnownFileType = sourcecode.swift; path = WBApp_Widget.swift; sourceTree = "<group>"; };
		9157F1582C20756900CF0EC2 /* WidgetIntent.swift */ = {isa = PBXFileReference; lastKnownFileType = sourcecode.swift; path = WidgetIntent.swift; sourceTree = "<group>"; };
		9157F15A2C20756A00CF0EC2 /* Assets.xcassets */ = {isa = PBXFileReference; lastKnownFileType = folder.assetcatalog; path = Assets.xcassets; sourceTree = "<group>"; };
		9157F15C2C20756A00CF0EC2 /* Info.plist */ = {isa = PBXFileReference; lastKnownFileType = text.plist.xml; path = Info.plist; sourceTree = "<group>"; };
		9157F1672C20766100CF0EC2 /* SharedData.swift */ = {isa = PBXFileReference; lastKnownFileType = sourcecode.swift; path = SharedData.swift; sourceTree = "<group>"; };
		9157F1702C20861F00CF0EC2 /* WBApp_WidgetSmallView.swift */ = {isa = PBXFileReference; lastKnownFileType = sourcecode.swift; path = WBApp_WidgetSmallView.swift; sourceTree = "<group>"; };
		9157F1792C20986600CF0EC2 /* WBApp_WidgetMediumView.swift */ = {isa = PBXFileReference; lastKnownFileType = sourcecode.swift; path = WBApp_WidgetMediumView.swift; sourceTree = "<group>"; };
		9157F1852C25704300CF0EC2 /* Info.plist */ = {isa = PBXFileReference; lastKnownFileType = text.plist; path = Info.plist; sourceTree = "<group>"; };
		9157F1872C25709A00CF0EC2 /* ChatsIntent.swift */ = {isa = PBXFileReference; lastKnownFileType = sourcecode.swift; path = ChatsIntent.swift; sourceTree = "<group>"; };
		9157F1892C257CE900CF0EC2 /* Intents.intentdefinition */ = {isa = PBXFileReference; lastKnownFileType = file.intentdefinition; name = Intents.intentdefinition; path = ../../Intents.intentdefinition; sourceTree = "<group>"; };
		9157F1932C26ED9D00CF0EC2 /* Bank.playground */ = {isa = PBXFileReference; lastKnownFileType = file.playground; path = Bank.playground; sourceTree = "<group>"; xcLanguageSpecificationIdentifier = xcode.lang.swift; };
		9618BD922C3967E6002A01C5 /* CGSize+Extensions.swift */ = {isa = PBXFileReference; lastKnownFileType = sourcecode.swift; path = "CGSize+Extensions.swift"; sourceTree = "<group>"; };
		96A9F8692C3968CD004D3E8F /* DateProvider.swift */ = {isa = PBXFileReference; lastKnownFileType = sourcecode.swift; path = DateProvider.swift; sourceTree = "<group>"; };
		96A9F86B2C3968DE004D3E8F /* DatesScreen.swift */ = {isa = PBXFileReference; lastKnownFileType = sourcecode.swift; path = DatesScreen.swift; sourceTree = "<group>"; };
		96A9F86D2C3968EC004D3E8F /* StringInterpolation+Extensions.swift */ = {isa = PBXFileReference; lastKnownFileType = sourcecode.swift; path = "StringInterpolation+Extensions.swift"; sourceTree = "<group>"; };
		96A9F8712C3969C1004D3E8F /* InfinityScrollView.swift */ = {isa = PBXFileReference; lastKnownFileType = sourcecode.swift; path = InfinityScrollView.swift; sourceTree = "<group>"; };
/* End PBXFileReference section */

/* Begin PBXFrameworksBuildPhase section */
		912D55202C0FAFBA004DA582 /* Frameworks */ = {
			isa = PBXFrameworksBuildPhase;
			buildActionMask = 2147483647;
			files = (
			);
			runOnlyForDeploymentPostprocessing = 0;
		};
		9157F1482C20756900CF0EC2 /* Frameworks */ = {
			isa = PBXFrameworksBuildPhase;
			buildActionMask = 2147483647;
			files = (
				9157F1502C20756900CF0EC2 /* SwiftUI.framework in Frameworks */,
				9157F14E2C20756900CF0EC2 /* WidgetKit.framework in Frameworks */,
			);
			runOnlyForDeploymentPostprocessing = 0;
		};
/* End PBXFrameworksBuildPhase section */

/* Begin PBXGroup section */
		910B9FDE2C14EA4100A10CFA /* Lesson1 */ = {
			isa = PBXGroup;
			children = (
				910B9FD62C14EA2800A10CFA /* FirstView.swift */,
				910B9FD42C14EA2100A10CFA /* ButtonStyles.swift */,
			);
			path = Lesson1;
			sourceTree = "<group>";
		};
		910B9FDF2C14EA4600A10CFA /* Extensions */ = {
			isa = PBXGroup;
			children = (
				910B9FD82C14EA2D00A10CFA /* Color+Extensions.swift */,
				910B9FDA2C14EA3300A10CFA /* Font+Extensions.swift */,
				910B9FDC2C14EA3C00A10CFA /* GeometryProxy+Extensions.swift */,
				9125958E2C1D743E0053D7FC /* View+Extensions.swift */,
				9125959A2C1D7F710053D7FC /* String+Extensions.swift */,
				9125959C2C1D7F9B0053D7FC /* UIApplication+Extensions.swift */,
				9125959E2C1D884D0053D7FC /* Date+Extensions.swift */,
				9618BD922C3967E6002A01C5 /* CGSize+Extensions.swift */,
			);
			path = Extensions;
			sourceTree = "<group>";
		};
		912595782C1CDCE80053D7FC /* Lesson2 */ = {
			isa = PBXGroup;
			children = (
				912595812C1CDD850053D7FC /* Service */,
				9125957D2C1CDD390053D7FC /* Models */,
				9125957E2C1CDD490053D7FC /* Views */,
			);
			path = Lesson2;
			sourceTree = "<group>";
		};
		9125957D2C1CDD390053D7FC /* Models */ = {
			isa = PBXGroup;
			children = (
				9125957B2C1CDD110053D7FC /* Contact.swift */,
			);
			path = Models;
			sourceTree = "<group>";
		};
		9125957E2C1CDD490053D7FC /* Views */ = {
			isa = PBXGroup;
			children = (
				912595902C1D7DF40053D7FC /* Shared */,
				912595952C1D7E5A0053D7FC /* Contacts */,
			);
			path = Views;
			sourceTree = "<group>";
		};
		912595812C1CDD850053D7FC /* Service */ = {
			isa = PBXGroup;
			children = (
				9125957F2C1CDD650053D7FC /* Router.swift */,
			);
			path = Service;
			sourceTree = "<group>";
		};
		912595902C1D7DF40053D7FC /* Shared */ = {
			isa = PBXGroup;
			children = (
				912595982C1D7F0A0053D7FC /* CustomNavigationBar.swift */,
				912595912C1D7E010053D7FC /* TabBarView.swift */,
				912595932C1D7E220053D7FC /* SearchBarView.swift */,
			);
			path = Shared;
			sourceTree = "<group>";
		};
		912595952C1D7E5A0053D7FC /* Contacts */ = {
			isa = PBXGroup;
			children = (
				912595822C1CDDA50053D7FC /* ContactsView.swift */,
				912595A92C1DAB610053D7FC /* List */,
				912595A82C1DAB5B0053D7FC /* Detail */,
			);
			path = Contacts;
			sourceTree = "<group>";
		};
		912595A02C1D91A20053D7FC /* Modifiers */ = {
			isa = PBXGroup;
			children = (
				912595A12C1D91B40053D7FC /* ViewModifiers.swift */,
			);
			path = Modifiers;
			sourceTree = "<group>";
		};
		912595A52C1DA1B70053D7FC /* Helpers */ = {
			isa = PBXGroup;
			children = (
				912595962C1D7EBD0053D7FC /* Constants.swift */,
			);
			path = Helpers;
			sourceTree = "<group>";
		};
		912595A82C1DAB5B0053D7FC /* Detail */ = {
			isa = PBXGroup;
			children = (
				912595882C1CDDCF0053D7FC /* ContactDetailView.swift */,
				912595A62C1DAB260053D7FC /* SocialLinksView.swift */,
			);
			path = Detail;
			sourceTree = "<group>";
		};
		912595A92C1DAB610053D7FC /* List */ = {
			isa = PBXGroup;
			children = (
				912595842C1CDDBB0053D7FC /* ContactsListView.swift */,
				912595862C1CDDC50053D7FC /* ContactsRowView.swift */,
				912595A32C1D97C80053D7FC /* ContactAvatarView.swift */,
			);
			path = List;
			sourceTree = "<group>";
		};
		912D551A2C0FAFBA004DA582 = {
			isa = PBXGroup;
			children = (
				912D55252C0FAFBA004DA582 /* WBApp */,
				9157F1512C20756900CF0EC2 /* WBApp_Widget */,
				9157F14C2C20756900CF0EC2 /* Frameworks */,
				912D55242C0FAFBA004DA582 /* Products */,
			);
			sourceTree = "<group>";
		};
		912D55242C0FAFBA004DA582 /* Products */ = {
			isa = PBXGroup;
			children = (
				912D55232C0FAFBA004DA582 /* WBApp.app */,
				9157F14B2C20756900CF0EC2 /* WBApp_WidgetExtension.appex */,
			);
			name = Products;
			sourceTree = "<group>";
		};
		912D55252C0FAFBA004DA582 /* WBApp */ = {
			isa = PBXGroup;
			children = (
				9157F1852C25704300CF0EC2 /* Info.plist */,
				912D55262C0FAFBA004DA582 /* WBAppApp.swift */,
				912D55282C0FAFBA004DA582 /* ContentView.swift */,
				910B9FDE2C14EA4100A10CFA /* Lesson1 */,
				912595782C1CDCE80053D7FC /* Lesson2 */,
				9157F1662C20765000CF0EC2 /* Leson3 */,
				9157F1942C26EDA300CF0EC2 /* Lesson4 */,
				9618BD952C39686F002A01C5 /* Lesson6 */,
				96A9F8702C396972004D3E8F /* Lesson7 */,
				910B9FDF2C14EA4600A10CFA /* Extensions */,
				912595A52C1DA1B70053D7FC /* Helpers */,
				912595A02C1D91A20053D7FC /* Modifiers */,
				912D552A2C0FAFBC004DA582 /* Assets.xcassets */,
				912D552C2C0FAFBC004DA582 /* Preview Content */,
			);
			path = WBApp;
			sourceTree = "<group>";
		};
		912D552C2C0FAFBC004DA582 /* Preview Content */ = {
			isa = PBXGroup;
			children = (
				912D552D2C0FAFBC004DA582 /* Preview Assets.xcassets */,
			);
			path = "Preview Content";
			sourceTree = "<group>";
		};
		9157F14C2C20756900CF0EC2 /* Frameworks */ = {
			isa = PBXGroup;
			children = (
				9157F14D2C20756900CF0EC2 /* WidgetKit.framework */,
				9157F14F2C20756900CF0EC2 /* SwiftUI.framework */,
			);
			name = Frameworks;
			sourceTree = "<group>";
		};
		9157F1512C20756900CF0EC2 /* WBApp_Widget */ = {
			isa = PBXGroup;
			children = (
				9157F1522C20756900CF0EC2 /* WBApp_WidgetBundle.swift */,
				9157F1562C20756900CF0EC2 /* WBApp_Widget.swift */,
				9157F1702C20861F00CF0EC2 /* WBApp_WidgetSmallView.swift */,
				9157F1792C20986600CF0EC2 /* WBApp_WidgetMediumView.swift */,
				9157F1582C20756900CF0EC2 /* WidgetIntent.swift */,
				9157F15A2C20756A00CF0EC2 /* Assets.xcassets */,
				9157F15C2C20756A00CF0EC2 /* Info.plist */,
			);
			path = WBApp_Widget;
			sourceTree = "<group>";
		};
		9157F1662C20765000CF0EC2 /* Leson3 */ = {
			isa = PBXGroup;
			children = (
				9157F1672C20766100CF0EC2 /* SharedData.swift */,
				9157F1862C25705F00CF0EC2 /* Intents */,
			);
			path = Leson3;
			sourceTree = "<group>";
		};
		9157F1862C25705F00CF0EC2 /* Intents */ = {
			isa = PBXGroup;
			children = (
				9157F1872C25709A00CF0EC2 /* ChatsIntent.swift */,
				9157F1892C257CE900CF0EC2 /* Intents.intentdefinition */,
			);
			path = Intents;
			sourceTree = "<group>";
		};
		9157F1942C26EDA300CF0EC2 /* Lesson4 */ = {
			isa = PBXGroup;
			children = (
				9157F1932C26ED9D00CF0EC2 /* Bank.playground */,
			);
			path = Lesson4;
			sourceTree = "<group>";
		};
		9618BD952C39686F002A01C5 /* Lesson6 */ = {
			isa = PBXGroup;
			children = (
				96A9F8692C3968CD004D3E8F /* DateProvider.swift */,
				96A9F86B2C3968DE004D3E8F /* DatesScreen.swift */,
				96A9F86D2C3968EC004D3E8F /* StringInterpolation+Extensions.swift */,
			);
			name = Lesson6;
			path = Lesson4/Lesson6;
			sourceTree = "<group>";
		};
		96A9F8702C396972004D3E8F /* Lesson7 */ = {
			isa = PBXGroup;
			children = (
				96A9F8712C3969C1004D3E8F /* InfinityScrollView.swift */,
			);
			name = Lesson7;
			path = Extensions/Lesson7;
			sourceTree = "<group>";
		};
/* End PBXGroup section */

/* Begin PBXNativeTarget section */
		912D55222C0FAFBA004DA582 /* WBApp */ = {
			isa = PBXNativeTarget;
			buildConfigurationList = 912D55312C0FAFBC004DA582 /* Build configuration list for PBXNativeTarget "WBApp" */;
			buildPhases = (
				912D551F2C0FAFBA004DA582 /* Sources */,
				912D55202C0FAFBA004DA582 /* Frameworks */,
				912D55212C0FAFBA004DA582 /* Resources */,
				9157F1602C20756A00CF0EC2 /* Embed Foundation Extensions */,
			);
			buildRules = (
			);
			dependencies = (
				9157F15E2C20756A00CF0EC2 /* PBXTargetDependency */,
			);
			name = WBApp;
			productName = WBApp;
			productReference = 912D55232C0FAFBA004DA582 /* WBApp.app */;
			productType = "com.apple.product-type.application";
		};
		9157F14A2C20756900CF0EC2 /* WBApp_WidgetExtension */ = {
			isa = PBXNativeTarget;
			buildConfigurationList = 9157F1632C20756A00CF0EC2 /* Build configuration list for PBXNativeTarget "WBApp_WidgetExtension" */;
			buildPhases = (
				9157F1472C20756900CF0EC2 /* Sources */,
				9157F1482C20756900CF0EC2 /* Frameworks */,
				9157F1492C20756900CF0EC2 /* Resources */,
			);
			buildRules = (
			);
			dependencies = (
			);
			name = WBApp_WidgetExtension;
			productName = WBApp_WidgetExtension;
			productReference = 9157F14B2C20756900CF0EC2 /* WBApp_WidgetExtension.appex */;
			productType = "com.apple.product-type.app-extension";
		};
/* End PBXNativeTarget section */

/* Begin PBXProject section */
		912D551B2C0FAFBA004DA582 /* Project object */ = {
			isa = PBXProject;
			attributes = {
				BuildIndependentTargetsInParallel = 1;
				LastSwiftUpdateCheck = 1510;
				LastUpgradeCheck = 1510;
				TargetAttributes = {
					912D55222C0FAFBA004DA582 = {
						CreatedOnToolsVersion = 15.1;
					};
					9157F14A2C20756900CF0EC2 = {
						CreatedOnToolsVersion = 15.1;
					};
				};
			};
			buildConfigurationList = 912D551E2C0FAFBA004DA582 /* Build configuration list for PBXProject "WBApp" */;
			compatibilityVersion = "Xcode 14.0";
			developmentRegion = en;
			hasScannedForEncodings = 0;
			knownRegions = (
				en,
				Base,
			);
			mainGroup = 912D551A2C0FAFBA004DA582;
			productRefGroup = 912D55242C0FAFBA004DA582 /* Products */;
			projectDirPath = "";
			projectRoot = "";
			targets = (
				912D55222C0FAFBA004DA582 /* WBApp */,
				9157F14A2C20756900CF0EC2 /* WBApp_WidgetExtension */,
			);
		};
/* End PBXProject section */

/* Begin PBXResourcesBuildPhase section */
		912D55212C0FAFBA004DA582 /* Resources */ = {
			isa = PBXResourcesBuildPhase;
			buildActionMask = 2147483647;
			files = (
				912D552E2C0FAFBC004DA582 /* Preview Assets.xcassets in Resources */,
				912D552B2C0FAFBC004DA582 /* Assets.xcassets in Resources */,
			);
			runOnlyForDeploymentPostprocessing = 0;
		};
		9157F1492C20756900CF0EC2 /* Resources */ = {
			isa = PBXResourcesBuildPhase;
			buildActionMask = 2147483647;
			files = (
				9157F16F2C2085B500CF0EC2 /* Assets.xcassets in Resources */,
				9157F15B2C20756A00CF0EC2 /* Assets.xcassets in Resources */,
			);
			runOnlyForDeploymentPostprocessing = 0;
		};
/* End PBXResourcesBuildPhase section */

/* Begin PBXSourcesBuildPhase section */
		912D551F2C0FAFBA004DA582 /* Sources */ = {
			isa = PBXSourcesBuildPhase;
			buildActionMask = 2147483647;
			files = (
				910B9FDB2C14EA3300A10CFA /* Font+Extensions.swift in Sources */,
				912595972C1D7EBD0053D7FC /* Constants.swift in Sources */,
				9618BD932C3967E6002A01C5 /* CGSize+Extensions.swift in Sources */,
				96A9F86C2C3968DF004D3E8F /* DatesScreen.swift in Sources */,
				9125959F2C1D884D0053D7FC /* Date+Extensions.swift in Sources */,
				9157F18A2C257CE900CF0EC2 /* Intents.intentdefinition in Sources */,
				910B9FD92C14EA2D00A10CFA /* Color+Extensions.swift in Sources */,
				96A9F8722C3969C1004D3E8F /* InfinityScrollView.swift in Sources */,
				912D55292C0FAFBA004DA582 /* ContentView.swift in Sources */,
				912595832C1CDDA50053D7FC /* ContactsView.swift in Sources */,
				912595992C1D7F0A0053D7FC /* CustomNavigationBar.swift in Sources */,
				912595942C1D7E220053D7FC /* SearchBarView.swift in Sources */,
				9157F1682C20766100CF0EC2 /* SharedData.swift in Sources */,
				910B9FDD2C14EA3C00A10CFA /* GeometryProxy+Extensions.swift in Sources */,
				9157F1882C25709A00CF0EC2 /* ChatsIntent.swift in Sources */,
				912595A22C1D91B40053D7FC /* ViewModifiers.swift in Sources */,
				912595892C1CDDCF0053D7FC /* ContactDetailView.swift in Sources */,
				912595802C1CDD650053D7FC /* Router.swift in Sources */,
				9125959D2C1D7F9B0053D7FC /* UIApplication+Extensions.swift in Sources */,
				912595852C1CDDBB0053D7FC /* ContactsListView.swift in Sources */,
				9125957C2C1CDD110053D7FC /* Contact.swift in Sources */,
				912595A72C1DAB260053D7FC /* SocialLinksView.swift in Sources */,
				910B9FD52C14EA2100A10CFA /* ButtonStyles.swift in Sources */,
				9125959B2C1D7F710053D7FC /* String+Extensions.swift in Sources */,
				912D55272C0FAFBA004DA582 /* WBAppApp.swift in Sources */,
				912595872C1CDDC50053D7FC /* ContactsRowView.swift in Sources */,
				9125958F2C1D743E0053D7FC /* View+Extensions.swift in Sources */,
				96A9F86E2C3968EC004D3E8F /* StringInterpolation+Extensions.swift in Sources */,
				912595A42C1D97C80053D7FC /* ContactAvatarView.swift in Sources */,
				96A9F86A2C3968CD004D3E8F /* DateProvider.swift in Sources */,
				912595922C1D7E010053D7FC /* TabBarView.swift in Sources */,
				910B9FD72C14EA2800A10CFA /* FirstView.swift in Sources */,
			);
			runOnlyForDeploymentPostprocessing = 0;
		};
		9157F1472C20756900CF0EC2 /* Sources */ = {
			isa = PBXSourcesBuildPhase;
			buildActionMask = 2147483647;
			files = (
				9157F16B2C20772D00CF0EC2 /* Contact.swift in Sources */,
				9157F17C2C209EFD00CF0EC2 /* String+Extensions.swift in Sources */,
				9157F1722C20864000CF0EC2 /* WBApp_WidgetSmallView.swift in Sources */,
				9157F1532C20756900CF0EC2 /* WBApp_WidgetBundle.swift in Sources */,
				9157F16E2C20858200CF0EC2 /* Color+Extensions.swift in Sources */,
				9157F17B2C20987800CF0EC2 /* WBApp_WidgetMediumView.swift in Sources */,
				9157F16C2C20778500CF0EC2 /* Date+Extensions.swift in Sources */,
				9157F1592C20756900CF0EC2 /* WidgetIntent.swift in Sources */,
				9157F1692C20767D00CF0EC2 /* SharedData.swift in Sources */,
				9157F1572C20756900CF0EC2 /* WBApp_Widget.swift in Sources */,
				9157F16D2C20778E00CF0EC2 /* Constants.swift in Sources */,
				9157F1732C2086A100CF0EC2 /* Font+Extensions.swift in Sources */,
			);
			runOnlyForDeploymentPostprocessing = 0;
		};
/* End PBXSourcesBuildPhase section */

/* Begin PBXTargetDependency section */
		9157F15E2C20756A00CF0EC2 /* PBXTargetDependency */ = {
			isa = PBXTargetDependency;
			target = 9157F14A2C20756900CF0EC2 /* WBApp_WidgetExtension */;
			targetProxy = 9157F15D2C20756A00CF0EC2 /* PBXContainerItemProxy */;
		};
/* End PBXTargetDependency section */

/* Begin XCBuildConfiguration section */
		912D552F2C0FAFBC004DA582 /* Debug */ = {
			isa = XCBuildConfiguration;
			buildSettings = {
				ALWAYS_SEARCH_USER_PATHS = NO;
				ASSETCATALOG_COMPILER_GENERATE_SWIFT_ASSET_SYMBOL_EXTENSIONS = YES;
				CLANG_ANALYZER_NONNULL = YES;
				CLANG_ANALYZER_NUMBER_OBJECT_CONVERSION = YES_AGGRESSIVE;
				CLANG_CXX_LANGUAGE_STANDARD = "gnu++20";
				CLANG_ENABLE_MODULES = YES;
				CLANG_ENABLE_OBJC_ARC = YES;
				CLANG_ENABLE_OBJC_WEAK = YES;
				CLANG_WARN_BLOCK_CAPTURE_AUTORELEASING = YES;
				CLANG_WARN_BOOL_CONVERSION = YES;
				CLANG_WARN_COMMA = YES;
				CLANG_WARN_CONSTANT_CONVERSION = YES;
				CLANG_WARN_DEPRECATED_OBJC_IMPLEMENTATIONS = YES;
				CLANG_WARN_DIRECT_OBJC_ISA_USAGE = YES_ERROR;
				CLANG_WARN_DOCUMENTATION_COMMENTS = YES;
				CLANG_WARN_EMPTY_BODY = YES;
				CLANG_WARN_ENUM_CONVERSION = YES;
				CLANG_WARN_INFINITE_RECURSION = YES;
				CLANG_WARN_INT_CONVERSION = YES;
				CLANG_WARN_NON_LITERAL_NULL_CONVERSION = YES;
				CLANG_WARN_OBJC_IMPLICIT_RETAIN_SELF = YES;
				CLANG_WARN_OBJC_LITERAL_CONVERSION = YES;
				CLANG_WARN_OBJC_ROOT_CLASS = YES_ERROR;
				CLANG_WARN_QUOTED_INCLUDE_IN_FRAMEWORK_HEADER = YES;
				CLANG_WARN_RANGE_LOOP_ANALYSIS = YES;
				CLANG_WARN_STRICT_PROTOTYPES = YES;
				CLANG_WARN_SUSPICIOUS_MOVE = YES;
				CLANG_WARN_UNGUARDED_AVAILABILITY = YES_AGGRESSIVE;
				CLANG_WARN_UNREACHABLE_CODE = YES;
				CLANG_WARN__DUPLICATE_METHOD_MATCH = YES;
				COPY_PHASE_STRIP = NO;
				DEBUG_INFORMATION_FORMAT = dwarf;
				ENABLE_STRICT_OBJC_MSGSEND = YES;
				ENABLE_TESTABILITY = YES;
				ENABLE_USER_SCRIPT_SANDBOXING = YES;
				GCC_C_LANGUAGE_STANDARD = gnu17;
				GCC_DYNAMIC_NO_PIC = NO;
				GCC_NO_COMMON_BLOCKS = YES;
				GCC_OPTIMIZATION_LEVEL = 0;
				GCC_PREPROCESSOR_DEFINITIONS = (
					"DEBUG=1",
					"$(inherited)",
				);
				GCC_WARN_64_TO_32_BIT_CONVERSION = YES;
				GCC_WARN_ABOUT_RETURN_TYPE = YES_ERROR;
				GCC_WARN_UNDECLARED_SELECTOR = YES;
				GCC_WARN_UNINITIALIZED_AUTOS = YES_AGGRESSIVE;
				GCC_WARN_UNUSED_FUNCTION = YES;
				GCC_WARN_UNUSED_VARIABLE = YES;
				IPHONEOS_DEPLOYMENT_TARGET = 16.0;
				LOCALIZATION_PREFERS_STRING_CATALOGS = YES;
				MTL_ENABLE_DEBUG_INFO = INCLUDE_SOURCE;
				MTL_FAST_MATH = YES;
				ONLY_ACTIVE_ARCH = YES;
				SDKROOT = iphoneos;
				SWIFT_ACTIVE_COMPILATION_CONDITIONS = "DEBUG $(inherited)";
				SWIFT_OPTIMIZATION_LEVEL = "-Onone";
			};
			name = Debug;
		};
		912D55302C0FAFBC004DA582 /* Release */ = {
			isa = XCBuildConfiguration;
			buildSettings = {
				ALWAYS_SEARCH_USER_PATHS = NO;
				ASSETCATALOG_COMPILER_GENERATE_SWIFT_ASSET_SYMBOL_EXTENSIONS = YES;
				CLANG_ANALYZER_NONNULL = YES;
				CLANG_ANALYZER_NUMBER_OBJECT_CONVERSION = YES_AGGRESSIVE;
				CLANG_CXX_LANGUAGE_STANDARD = "gnu++20";
				CLANG_ENABLE_MODULES = YES;
				CLANG_ENABLE_OBJC_ARC = YES;
				CLANG_ENABLE_OBJC_WEAK = YES;
				CLANG_WARN_BLOCK_CAPTURE_AUTORELEASING = YES;
				CLANG_WARN_BOOL_CONVERSION = YES;
				CLANG_WARN_COMMA = YES;
				CLANG_WARN_CONSTANT_CONVERSION = YES;
				CLANG_WARN_DEPRECATED_OBJC_IMPLEMENTATIONS = YES;
				CLANG_WARN_DIRECT_OBJC_ISA_USAGE = YES_ERROR;
				CLANG_WARN_DOCUMENTATION_COMMENTS = YES;
				CLANG_WARN_EMPTY_BODY = YES;
				CLANG_WARN_ENUM_CONVERSION = YES;
				CLANG_WARN_INFINITE_RECURSION = YES;
				CLANG_WARN_INT_CONVERSION = YES;
				CLANG_WARN_NON_LITERAL_NULL_CONVERSION = YES;
				CLANG_WARN_OBJC_IMPLICIT_RETAIN_SELF = YES;
				CLANG_WARN_OBJC_LITERAL_CONVERSION = YES;
				CLANG_WARN_OBJC_ROOT_CLASS = YES_ERROR;
				CLANG_WARN_QUOTED_INCLUDE_IN_FRAMEWORK_HEADER = YES;
				CLANG_WARN_RANGE_LOOP_ANALYSIS = YES;
				CLANG_WARN_STRICT_PROTOTYPES = YES;
				CLANG_WARN_SUSPICIOUS_MOVE = YES;
				CLANG_WARN_UNGUARDED_AVAILABILITY = YES_AGGRESSIVE;
				CLANG_WARN_UNREACHABLE_CODE = YES;
				CLANG_WARN__DUPLICATE_METHOD_MATCH = YES;
				COPY_PHASE_STRIP = NO;
				DEBUG_INFORMATION_FORMAT = "dwarf-with-dsym";
				ENABLE_NS_ASSERTIONS = NO;
				ENABLE_STRICT_OBJC_MSGSEND = YES;
				ENABLE_USER_SCRIPT_SANDBOXING = YES;
				GCC_C_LANGUAGE_STANDARD = gnu17;
				GCC_NO_COMMON_BLOCKS = YES;
				GCC_WARN_64_TO_32_BIT_CONVERSION = YES;
				GCC_WARN_ABOUT_RETURN_TYPE = YES_ERROR;
				GCC_WARN_UNDECLARED_SELECTOR = YES;
				GCC_WARN_UNINITIALIZED_AUTOS = YES_AGGRESSIVE;
				GCC_WARN_UNUSED_FUNCTION = YES;
				GCC_WARN_UNUSED_VARIABLE = YES;
				IPHONEOS_DEPLOYMENT_TARGET = 16.0;
				LOCALIZATION_PREFERS_STRING_CATALOGS = YES;
				MTL_ENABLE_DEBUG_INFO = NO;
				MTL_FAST_MATH = YES;
				SDKROOT = iphoneos;
				SWIFT_COMPILATION_MODE = wholemodule;
				VALIDATE_PRODUCT = YES;
			};
			name = Release;
		};
		912D55322C0FAFBC004DA582 /* Debug */ = {
			isa = XCBuildConfiguration;
			buildSettings = {
				ALWAYS_EMBED_SWIFT_STANDARD_LIBRARIES = YES;
				ASSETCATALOG_COMPILER_APPICON_NAME = AppIcon;
				ASSETCATALOG_COMPILER_GLOBAL_ACCENT_COLOR_NAME = AccentColor;
				CODE_SIGN_STYLE = Automatic;
				CURRENT_PROJECT_VERSION = 1;
				DEVELOPMENT_ASSET_PATHS = "\"WBApp/Preview Content\"";
				DEVELOPMENT_TEAM = 93HP7KN2HJ;
				ENABLE_PREVIEWS = YES;
				GENERATE_INFOPLIST_FILE = YES;
				INFOPLIST_FILE = WBApp/Info.plist;
				INFOPLIST_KEY_UIApplicationSceneManifest_Generation = YES;
				INFOPLIST_KEY_UIApplicationSupportsIndirectInputEvents = YES;
				INFOPLIST_KEY_UILaunchScreen_Generation = YES;
				INFOPLIST_KEY_UISupportedInterfaceOrientations_iPad = "UIInterfaceOrientationPortrait UIInterfaceOrientationPortraitUpsideDown UIInterfaceOrientationLandscapeLeft UIInterfaceOrientationLandscapeRight";
				INFOPLIST_KEY_UISupportedInterfaceOrientations_iPhone = "UIInterfaceOrientationPortrait UIInterfaceOrientationLandscapeLeft UIInterfaceOrientationLandscapeRight";
				IPHONEOS_DEPLOYMENT_TARGET = 16.0;
				LD_RUNPATH_SEARCH_PATHS = (
					"$(inherited)",
					"@executable_path/Frameworks",
				);
				MARKETING_VERSION = 1.0;
				PRODUCT_BUNDLE_IDENTIFIER = com.pamapp.WBApp;
				PRODUCT_NAME = "$(TARGET_NAME)";
				SWIFT_EMIT_LOC_STRINGS = YES;
				SWIFT_VERSION = 5.0;
				TARGETED_DEVICE_FAMILY = "1,2";
			};
			name = Debug;
		};
		912D55332C0FAFBC004DA582 /* Release */ = {
			isa = XCBuildConfiguration;
			buildSettings = {
				ALWAYS_EMBED_SWIFT_STANDARD_LIBRARIES = YES;
				ASSETCATALOG_COMPILER_APPICON_NAME = AppIcon;
				ASSETCATALOG_COMPILER_GLOBAL_ACCENT_COLOR_NAME = AccentColor;
				CODE_SIGN_STYLE = Automatic;
				CURRENT_PROJECT_VERSION = 1;
				DEVELOPMENT_ASSET_PATHS = "\"WBApp/Preview Content\"";
				DEVELOPMENT_TEAM = 93HP7KN2HJ;
				ENABLE_PREVIEWS = YES;
				GENERATE_INFOPLIST_FILE = YES;
				INFOPLIST_FILE = WBApp/Info.plist;
				INFOPLIST_KEY_UIApplicationSceneManifest_Generation = YES;
				INFOPLIST_KEY_UIApplicationSupportsIndirectInputEvents = YES;
				INFOPLIST_KEY_UILaunchScreen_Generation = YES;
				INFOPLIST_KEY_UISupportedInterfaceOrientations_iPad = "UIInterfaceOrientationPortrait UIInterfaceOrientationPortraitUpsideDown UIInterfaceOrientationLandscapeLeft UIInterfaceOrientationLandscapeRight";
				INFOPLIST_KEY_UISupportedInterfaceOrientations_iPhone = "UIInterfaceOrientationPortrait UIInterfaceOrientationLandscapeLeft UIInterfaceOrientationLandscapeRight";
				IPHONEOS_DEPLOYMENT_TARGET = 16.0;
				LD_RUNPATH_SEARCH_PATHS = (
					"$(inherited)",
					"@executable_path/Frameworks",
				);
				MARKETING_VERSION = 1.0;
				PRODUCT_BUNDLE_IDENTIFIER = com.pamapp.WBApp;
				PRODUCT_NAME = "$(TARGET_NAME)";
				SWIFT_EMIT_LOC_STRINGS = YES;
				SWIFT_VERSION = 5.0;
				TARGETED_DEVICE_FAMILY = "1,2";
			};
			name = Release;
		};
		9157F1612C20756A00CF0EC2 /* Debug */ = {
			isa = XCBuildConfiguration;
			buildSettings = {
				ASSETCATALOG_COMPILER_GLOBAL_ACCENT_COLOR_NAME = AccentColor;
				ASSETCATALOG_COMPILER_WIDGET_BACKGROUND_COLOR_NAME = WidgetBackground;
				CODE_SIGN_STYLE = Automatic;
				CURRENT_PROJECT_VERSION = 1;
				DEVELOPMENT_TEAM = 93HP7KN2HJ;
				GENERATE_INFOPLIST_FILE = YES;
				INFOPLIST_FILE = WBApp_Widget/Info.plist;
				INFOPLIST_KEY_CFBundleDisplayName = WBApp_Widget;
				INFOPLIST_KEY_NSHumanReadableCopyright = "";
				IPHONEOS_DEPLOYMENT_TARGET = 17.0;
				LD_RUNPATH_SEARCH_PATHS = (
					"$(inherited)",
					"@executable_path/Frameworks",
					"@executable_path/../../Frameworks",
				);
				MARKETING_VERSION = 1.0;
				PRODUCT_BUNDLE_IDENTIFIER = "com.pamapp.WBApp.WBApp-Widget";
				PRODUCT_NAME = "$(TARGET_NAME)";
				SKIP_INSTALL = YES;
				SWIFT_EMIT_LOC_STRINGS = YES;
				SWIFT_VERSION = 5.0;
				TARGETED_DEVICE_FAMILY = "1,2";
			};
			name = Debug;
		};
		9157F1622C20756A00CF0EC2 /* Release */ = {
			isa = XCBuildConfiguration;
			buildSettings = {
				ASSETCATALOG_COMPILER_GLOBAL_ACCENT_COLOR_NAME = AccentColor;
				ASSETCATALOG_COMPILER_WIDGET_BACKGROUND_COLOR_NAME = WidgetBackground;
				CODE_SIGN_STYLE = Automatic;
				CURRENT_PROJECT_VERSION = 1;
				DEVELOPMENT_TEAM = 93HP7KN2HJ;
				GENERATE_INFOPLIST_FILE = YES;
				INFOPLIST_FILE = WBApp_Widget/Info.plist;
				INFOPLIST_KEY_CFBundleDisplayName = WBApp_Widget;
				INFOPLIST_KEY_NSHumanReadableCopyright = "";
				IPHONEOS_DEPLOYMENT_TARGET = 17.0;
				LD_RUNPATH_SEARCH_PATHS = (
					"$(inherited)",
					"@executable_path/Frameworks",
					"@executable_path/../../Frameworks",
				);
				MARKETING_VERSION = 1.0;
				PRODUCT_BUNDLE_IDENTIFIER = "com.pamapp.WBApp.WBApp-Widget";
				PRODUCT_NAME = "$(TARGET_NAME)";
				SKIP_INSTALL = YES;
				SWIFT_EMIT_LOC_STRINGS = YES;
				SWIFT_VERSION = 5.0;
				TARGETED_DEVICE_FAMILY = "1,2";
			};
			name = Release;
		};
/* End XCBuildConfiguration section */

/* Begin XCConfigurationList section */
		912D551E2C0FAFBA004DA582 /* Build configuration list for PBXProject "WBApp" */ = {
			isa = XCConfigurationList;
			buildConfigurations = (
				912D552F2C0FAFBC004DA582 /* Debug */,
				912D55302C0FAFBC004DA582 /* Release */,
			);
			defaultConfigurationIsVisible = 0;
			defaultConfigurationName = Release;
		};
		912D55312C0FAFBC004DA582 /* Build configuration list for PBXNativeTarget "WBApp" */ = {
			isa = XCConfigurationList;
			buildConfigurations = (
				912D55322C0FAFBC004DA582 /* Debug */,
				912D55332C0FAFBC004DA582 /* Release */,
			);
			defaultConfigurationIsVisible = 0;
			defaultConfigurationName = Release;
		};
		9157F1632C20756A00CF0EC2 /* Build configuration list for PBXNativeTarget "WBApp_WidgetExtension" */ = {
			isa = XCConfigurationList;
			buildConfigurations = (
				9157F1612C20756A00CF0EC2 /* Debug */,
				9157F1622C20756A00CF0EC2 /* Release */,
			);
			defaultConfigurationIsVisible = 0;
			defaultConfigurationName = Release;
		};
/* End XCConfigurationList section */
	};
	rootObject = 912D551B2C0FAFBA004DA582 /* Project object */;
}
